// !$*UTF8*$!
{
	archiveVersion = 1;
	classes = {
	};
	objectVersion = 60;
	objects = {

/* Begin PBXBuildFile section */
		5B0A01102B05C3A800852A9D /* RobotoMono-VariableFont_wght.ttf in Resources */ = {isa = PBXBuildFile; fileRef = 5B0A010F2B05C3A800852A9D /* RobotoMono-VariableFont_wght.ttf */; };
		5B0A01142B05C64E00852A9D /* Font+Extension.swift in Sources */ = {isa = PBXBuildFile; fileRef = 5B0A01132B05C64E00852A9D /* Font+Extension.swift */; };
		5BAF1D652B043E52004A3DCF /* RickAndMortyGraphQLApp.swift in Sources */ = {isa = PBXBuildFile; fileRef = 5BAF1D642B043E52004A3DCF /* RickAndMortyGraphQLApp.swift */; };
		5BAF1D672B043E52004A3DCF /* HomeView.swift in Sources */ = {isa = PBXBuildFile; fileRef = 5BAF1D662B043E52004A3DCF /* HomeView.swift */; };
		5BAF1D692B043E54004A3DCF /* Assets.xcassets in Resources */ = {isa = PBXBuildFile; fileRef = 5BAF1D682B043E54004A3DCF /* Assets.xcassets */; };
		5BAF1D6C2B043E54004A3DCF /* Preview Assets.xcassets in Resources */ = {isa = PBXBuildFile; fileRef = 5BAF1D6B2B043E54004A3DCF /* Preview Assets.xcassets */; };
		5BAF1D7F2B0442FA004A3DCF /* RickAndMortyAPI in Frameworks */ = {isa = PBXBuildFile; productRef = 5BAF1D7E2B0442FA004A3DCF /* RickAndMortyAPI */; };
		5BAF1D822B04432A004A3DCF /* Network.swift in Sources */ = {isa = PBXBuildFile; fileRef = 5BAF1D812B04432A004A3DCF /* Network.swift */; };
		5BAF1D852B044363004A3DCF /* RMViewModel.swift in Sources */ = {isa = PBXBuildFile; fileRef = 5BAF1D842B044363004A3DCF /* RMViewModel.swift */; };
		5BAF1D882B0447B0004A3DCF /* RMCharacter.swift in Sources */ = {isa = PBXBuildFile; fileRef = 5BAF1D872B0447B0004A3DCF /* RMCharacter.swift */; };
		5BAF1D8A2B045CEF004A3DCF /* RMOrigin.swift in Sources */ = {isa = PBXBuildFile; fileRef = 5BAF1D892B045CEF004A3DCF /* RMOrigin.swift */; };
		5BAF1D8C2B045D0A004A3DCF /* RMInfo.swift in Sources */ = {isa = PBXBuildFile; fileRef = 5BAF1D8B2B045D0A004A3DCF /* RMInfo.swift */; };
		5BB183EF2B0564B100B382FF /* CellView.swift in Sources */ = {isa = PBXBuildFile; fileRef = 5BB183EE2B0564B100B382FF /* CellView.swift */; };
		5BD09BC62B05881300D7143E /* Apollo in Frameworks */ = {isa = PBXBuildFile; productRef = 5BD09BC52B05881300D7143E /* Apollo */; };
		5BD09BC82B05881300D7143E /* ApolloAPI in Frameworks */ = {isa = PBXBuildFile; productRef = 5BD09BC72B05881300D7143E /* ApolloAPI */; };
		5BD09BCA2B05881300D7143E /* ApolloSQLite in Frameworks */ = {isa = PBXBuildFile; productRef = 5BD09BC92B05881300D7143E /* ApolloSQLite */; };
		5BD09BCC2B05881300D7143E /* ApolloTestSupport in Frameworks */ = {isa = PBXBuildFile; productRef = 5BD09BCB2B05881300D7143E /* ApolloTestSupport */; };
/* End PBXBuildFile section */

/* Begin PBXFileReference section */
		5B0A010F2B05C3A800852A9D /* RobotoMono-VariableFont_wght.ttf */ = {isa = PBXFileReference; lastKnownFileType = file; path = "RobotoMono-VariableFont_wght.ttf"; sourceTree = "<group>"; };
		5B0A01112B05C40400852A9D /* Info.plist */ = {isa = PBXFileReference; lastKnownFileType = text.plist; path = Info.plist; sourceTree = "<group>"; };
		5B0A01132B05C64E00852A9D /* Font+Extension.swift */ = {isa = PBXFileReference; lastKnownFileType = sourcecode.swift; path = "Font+Extension.swift"; sourceTree = "<group>"; };
		5BAF1D612B043E52004A3DCF /* RickAndMortyGraphQL.app */ = {isa = PBXFileReference; explicitFileType = wrapper.application; includeInIndex = 0; path = RickAndMortyGraphQL.app; sourceTree = BUILT_PRODUCTS_DIR; };
		5BAF1D642B043E52004A3DCF /* RickAndMortyGraphQLApp.swift */ = {isa = PBXFileReference; lastKnownFileType = sourcecode.swift; path = RickAndMortyGraphQLApp.swift; sourceTree = "<group>"; };
		5BAF1D662B043E52004A3DCF /* HomeView.swift */ = {isa = PBXFileReference; lastKnownFileType = sourcecode.swift; path = HomeView.swift; sourceTree = "<group>"; };
		5BAF1D682B043E54004A3DCF /* Assets.xcassets */ = {isa = PBXFileReference; lastKnownFileType = folder.assetcatalog; path = Assets.xcassets; sourceTree = "<group>"; };
		5BAF1D6B2B043E54004A3DCF /* Preview Assets.xcassets */ = {isa = PBXFileReference; lastKnownFileType = folder.assetcatalog; path = "Preview Assets.xcassets"; sourceTree = "<group>"; };
		5BAF1D812B04432A004A3DCF /* Network.swift */ = {isa = PBXFileReference; lastKnownFileType = sourcecode.swift; path = Network.swift; sourceTree = "<group>"; };
		5BAF1D842B044363004A3DCF /* RMViewModel.swift */ = {isa = PBXFileReference; lastKnownFileType = sourcecode.swift; path = RMViewModel.swift; sourceTree = "<group>"; };
		5BAF1D872B0447B0004A3DCF /* RMCharacter.swift */ = {isa = PBXFileReference; lastKnownFileType = sourcecode.swift; path = RMCharacter.swift; sourceTree = "<group>"; };
		5BAF1D892B045CEF004A3DCF /* RMOrigin.swift */ = {isa = PBXFileReference; lastKnownFileType = sourcecode.swift; path = RMOrigin.swift; sourceTree = "<group>"; };
		5BAF1D8B2B045D0A004A3DCF /* RMInfo.swift */ = {isa = PBXFileReference; lastKnownFileType = sourcecode.swift; path = RMInfo.swift; sourceTree = "<group>"; };
		5BB183EE2B0564B100B382FF /* CellView.swift */ = {isa = PBXFileReference; lastKnownFileType = sourcecode.swift; path = CellView.swift; sourceTree = "<group>"; };
/* End PBXFileReference section */

/* Begin PBXFrameworksBuildPhase section */
		5BAF1D5E2B043E52004A3DCF /* Frameworks */ = {
			isa = PBXFrameworksBuildPhase;
			buildActionMask = 2147483647;
			files = (
				5BD09BC82B05881300D7143E /* ApolloAPI in Frameworks */,
				5BD09BCC2B05881300D7143E /* ApolloTestSupport in Frameworks */,
				5BD09BCA2B05881300D7143E /* ApolloSQLite in Frameworks */,
				5BAF1D7F2B0442FA004A3DCF /* RickAndMortyAPI in Frameworks */,
				5BD09BC62B05881300D7143E /* Apollo in Frameworks */,
			);
			runOnlyForDeploymentPostprocessing = 0;
		};
/* End PBXFrameworksBuildPhase section */

/* Begin PBXGroup section */
		5B0A010E2B05C37F00852A9D /* Fonts */ = {
			isa = PBXGroup;
			children = (
				5B0A010F2B05C3A800852A9D /* RobotoMono-VariableFont_wght.ttf */,
			);
			path = Fonts;
			sourceTree = "<group>";
		};
		5B0A01122B05C63600852A9D /* Extensions */ = {
			isa = PBXGroup;
			children = (
				5B0A01132B05C64E00852A9D /* Font+Extension.swift */,
			);
			path = Extensions;
			sourceTree = "<group>";
		};
		5BAF1D582B043E52004A3DCF = {
			isa = PBXGroup;
			children = (
				5BAF1D632B043E52004A3DCF /* RickAndMortyGraphQL */,
				5BAF1D622B043E52004A3DCF /* Products */,
			);
			sourceTree = "<group>";
		};
		5BAF1D622B043E52004A3DCF /* Products */ = {
			isa = PBXGroup;
			children = (
				5BAF1D612B043E52004A3DCF /* RickAndMortyGraphQL.app */,
			);
			name = Products;
			sourceTree = "<group>";
		};
		5BAF1D632B043E52004A3DCF /* RickAndMortyGraphQL */ = {
			isa = PBXGroup;
			children = (
				5B0A01122B05C63600852A9D /* Extensions */,
				5B0A01112B05C40400852A9D /* Info.plist */,
				5B0A010E2B05C37F00852A9D /* Fonts */,
				5BB183F02B0564B600B382FF /* View */,
				5BAF1D862B0447A2004A3DCF /* Model */,
				5BAF1D832B044353004A3DCF /* ViewModel */,
				5BAF1D802B044316004A3DCF /* Network */,
				5BAF1D642B043E52004A3DCF /* RickAndMortyGraphQLApp.swift */,
				5BAF1D682B043E54004A3DCF /* Assets.xcassets */,
				5BAF1D6A2B043E54004A3DCF /* Preview Content */,
			);
			path = RickAndMortyGraphQL;
			sourceTree = "<group>";
		};
		5BAF1D6A2B043E54004A3DCF /* Preview Content */ = {
			isa = PBXGroup;
			children = (
				5BAF1D6B2B043E54004A3DCF /* Preview Assets.xcassets */,
			);
			path = "Preview Content";
			sourceTree = "<group>";
		};
		5BAF1D802B044316004A3DCF /* Network */ = {
			isa = PBXGroup;
			children = (
				5BAF1D812B04432A004A3DCF /* Network.swift */,
			);
			path = Network;
			sourceTree = "<group>";
		};
		5BAF1D832B044353004A3DCF /* ViewModel */ = {
			isa = PBXGroup;
			children = (
				5BAF1D842B044363004A3DCF /* RMViewModel.swift */,
			);
			path = ViewModel;
			sourceTree = "<group>";
		};
		5BAF1D862B0447A2004A3DCF /* Model */ = {
			isa = PBXGroup;
			children = (
				5BAF1D872B0447B0004A3DCF /* RMCharacter.swift */,
				5BAF1D892B045CEF004A3DCF /* RMOrigin.swift */,
				5BAF1D8B2B045D0A004A3DCF /* RMInfo.swift */,
			);
			path = Model;
			sourceTree = "<group>";
		};
		5BB183F02B0564B600B382FF /* View */ = {
			isa = PBXGroup;
			children = (
				5BB183EE2B0564B100B382FF /* CellView.swift */,
				5BAF1D662B043E52004A3DCF /* HomeView.swift */,
			);
			path = View;
			sourceTree = "<group>";
		};
/* End PBXGroup section */

/* Begin PBXNativeTarget section */
		5BAF1D602B043E52004A3DCF /* RickAndMortyGraphQL */ = {
			isa = PBXNativeTarget;
			buildConfigurationList = 5BAF1D6F2B043E54004A3DCF /* Build configuration list for PBXNativeTarget "RickAndMortyGraphQL" */;
			buildPhases = (
				5BAF1D5D2B043E52004A3DCF /* Sources */,
				5BAF1D5E2B043E52004A3DCF /* Frameworks */,
				5BAF1D5F2B043E52004A3DCF /* Resources */,
			);
			buildRules = (
			);
			dependencies = (
			);
			name = RickAndMortyGraphQL;
			packageProductDependencies = (
				5BAF1D7E2B0442FA004A3DCF /* RickAndMortyAPI */,
				5BD09BC52B05881300D7143E /* Apollo */,
				5BD09BC72B05881300D7143E /* ApolloAPI */,
				5BD09BC92B05881300D7143E /* ApolloSQLite */,
				5BD09BCB2B05881300D7143E /* ApolloTestSupport */,
			);
			productName = RickAndMortyGraphQL;
			productReference = 5BAF1D612B043E52004A3DCF /* RickAndMortyGraphQL.app */;
			productType = "com.apple.product-type.application";
		};
/* End PBXNativeTarget section */

/* Begin PBXProject section */
		5BAF1D592B043E52004A3DCF /* Project object */ = {
			isa = PBXProject;
			attributes = {
				BuildIndependentTargetsInParallel = 1;
				LastSwiftUpdateCheck = 1500;
				LastUpgradeCheck = 1500;
				TargetAttributes = {
					5BAF1D602B043E52004A3DCF = {
						CreatedOnToolsVersion = 15.0.1;
					};
				};
			};
			buildConfigurationList = 5BAF1D5C2B043E52004A3DCF /* Build configuration list for PBXProject "RickAndMortyGraphQL" */;
			compatibilityVersion = "Xcode 14.0";
			developmentRegion = en;
			hasScannedForEncodings = 0;
			knownRegions = (
				en,
				Base,
			);
			mainGroup = 5BAF1D582B043E52004A3DCF;
			packageReferences = (
				5BAF1D7D2B0442FA004A3DCF /* XCLocalSwiftPackageReference "RickAndMortyAPI" */,
				5BD09BC42B05881300D7143E /* XCRemoteSwiftPackageReference "apollo-ios" */,
			);
			productRefGroup = 5BAF1D622B043E52004A3DCF /* Products */;
			projectDirPath = "";
			projectRoot = "";
			targets = (
				5BAF1D602B043E52004A3DCF /* RickAndMortyGraphQL */,
			);
		};
/* End PBXProject section */

/* Begin PBXResourcesBuildPhase section */
		5BAF1D5F2B043E52004A3DCF /* Resources */ = {
			isa = PBXResourcesBuildPhase;
			buildActionMask = 2147483647;
			files = (
				5BAF1D6C2B043E54004A3DCF /* Preview Assets.xcassets in Resources */,
				5BAF1D692B043E54004A3DCF /* Assets.xcassets in Resources */,
				5B0A01102B05C3A800852A9D /* RobotoMono-VariableFont_wght.ttf in Resources */,
			);
			runOnlyForDeploymentPostprocessing = 0;
		};
/* End PBXResourcesBuildPhase section */

/* Begin PBXSourcesBuildPhase section */
		5BAF1D5D2B043E52004A3DCF /* Sources */ = {
			isa = PBXSourcesBuildPhase;
			buildActionMask = 2147483647;
			files = (
				5BAF1D672B043E52004A3DCF /* HomeView.swift in Sources */,
				5BAF1D652B043E52004A3DCF /* RickAndMortyGraphQLApp.swift in Sources */,
				5BAF1D882B0447B0004A3DCF /* RMCharacter.swift in Sources */,
				5BAF1D822B04432A004A3DCF /* Network.swift in Sources */,
				5BB183EF2B0564B100B382FF /* CellView.swift in Sources */,
				5B0A01142B05C64E00852A9D /* Font+Extension.swift in Sources */,
				5BAF1D8C2B045D0A004A3DCF /* RMInfo.swift in Sources */,
				5BAF1D8A2B045CEF004A3DCF /* RMOrigin.swift in Sources */,
				5BAF1D852B044363004A3DCF /* RMViewModel.swift in Sources */,
			);
			runOnlyForDeploymentPostprocessing = 0;
		};
/* End PBXSourcesBuildPhase section */

/* Begin XCBuildConfiguration section */
		5BAF1D6D2B043E54004A3DCF /* Debug */ = {
			isa = XCBuildConfiguration;
			buildSettings = {
				ALWAYS_SEARCH_USER_PATHS = NO;
				ASSETCATALOG_COMPILER_GENERATE_SWIFT_ASSET_SYMBOL_EXTENSIONS = YES;
				CLANG_ANALYZER_NONNULL = YES;
				CLANG_ANALYZER_NUMBER_OBJECT_CONVERSION = YES_AGGRESSIVE;
				CLANG_CXX_LANGUAGE_STANDARD = "gnu++20";
				CLANG_ENABLE_MODULES = YES;
				CLANG_ENABLE_OBJC_ARC = YES;
				CLANG_ENABLE_OBJC_WEAK = YES;
				CLANG_WARN_BLOCK_CAPTURE_AUTORELEASING = YES;
				CLANG_WARN_BOOL_CONVERSION = YES;
				CLANG_WARN_COMMA = YES;
				CLANG_WARN_CONSTANT_CONVERSION = YES;
				CLANG_WARN_DEPRECATED_OBJC_IMPLEMENTATIONS = YES;
				CLANG_WARN_DIRECT_OBJC_ISA_USAGE = YES_ERROR;
				CLANG_WARN_DOCUMENTATION_COMMENTS = YES;
				CLANG_WARN_EMPTY_BODY = YES;
				CLANG_WARN_ENUM_CONVERSION = YES;
				CLANG_WARN_INFINITE_RECURSION = YES;
				CLANG_WARN_INT_CONVERSION = YES;
				CLANG_WARN_NON_LITERAL_NULL_CONVERSION = YES;
				CLANG_WARN_OBJC_IMPLICIT_RETAIN_SELF = YES;
				CLANG_WARN_OBJC_LITERAL_CONVERSION = YES;
				CLANG_WARN_OBJC_ROOT_CLASS = YES_ERROR;
				CLANG_WARN_QUOTED_INCLUDE_IN_FRAMEWORK_HEADER = YES;
				CLANG_WARN_RANGE_LOOP_ANALYSIS = YES;
				CLANG_WARN_STRICT_PROTOTYPES = YES;
				CLANG_WARN_SUSPICIOUS_MOVE = YES;
				CLANG_WARN_UNGUARDED_AVAILABILITY = YES_AGGRESSIVE;
				CLANG_WARN_UNREACHABLE_CODE = YES;
				CLANG_WARN__DUPLICATE_METHOD_MATCH = YES;
				COPY_PHASE_STRIP = NO;
				DEBUG_INFORMATION_FORMAT = dwarf;
				ENABLE_STRICT_OBJC_MSGSEND = YES;
				ENABLE_TESTABILITY = YES;
				ENABLE_USER_SCRIPT_SANDBOXING = YES;
				GCC_C_LANGUAGE_STANDARD = gnu17;
				GCC_DYNAMIC_NO_PIC = NO;
				GCC_NO_COMMON_BLOCKS = YES;
				GCC_OPTIMIZATION_LEVEL = 0;
				GCC_PREPROCESSOR_DEFINITIONS = (
					"DEBUG=1",
					"$(inherited)",
				);
				GCC_WARN_64_TO_32_BIT_CONVERSION = YES;
				GCC_WARN_ABOUT_RETURN_TYPE = YES_ERROR;
				GCC_WARN_UNDECLARED_SELECTOR = YES;
				GCC_WARN_UNINITIALIZED_AUTOS = YES_AGGRESSIVE;
				GCC_WARN_UNUSED_FUNCTION = YES;
				GCC_WARN_UNUSED_VARIABLE = YES;
				IPHONEOS_DEPLOYMENT_TARGET = 17.0;
				LOCALIZATION_PREFERS_STRING_CATALOGS = YES;
				MTL_ENABLE_DEBUG_INFO = INCLUDE_SOURCE;
				MTL_FAST_MATH = YES;
				ONLY_ACTIVE_ARCH = YES;
				SDKROOT = iphoneos;
				SWIFT_ACTIVE_COMPILATION_CONDITIONS = "DEBUG $(inherited)";
				SWIFT_OPTIMIZATION_LEVEL = "-Onone";
			};
			name = Debug;
		};
		5BAF1D6E2B043E54004A3DCF /* Release */ = {
			isa = XCBuildConfiguration;
			buildSettings = {
				ALWAYS_SEARCH_USER_PATHS = NO;
				ASSETCATALOG_COMPILER_GENERATE_SWIFT_ASSET_SYMBOL_EXTENSIONS = YES;
				CLANG_ANALYZER_NONNULL = YES;
				CLANG_ANALYZER_NUMBER_OBJECT_CONVERSION = YES_AGGRESSIVE;
				CLANG_CXX_LANGUAGE_STANDARD = "gnu++20";
				CLANG_ENABLE_MODULES = YES;
				CLANG_ENABLE_OBJC_ARC = YES;
				CLANG_ENABLE_OBJC_WEAK = YES;
				CLANG_WARN_BLOCK_CAPTURE_AUTORELEASING = YES;
				CLANG_WARN_BOOL_CONVERSION = YES;
				CLANG_WARN_COMMA = YES;
				CLANG_WARN_CONSTANT_CONVERSION = YES;
				CLANG_WARN_DEPRECATED_OBJC_IMPLEMENTATIONS = YES;
				CLANG_WARN_DIRECT_OBJC_ISA_USAGE = YES_ERROR;
				CLANG_WARN_DOCUMENTATION_COMMENTS = YES;
				CLANG_WARN_EMPTY_BODY = YES;
				CLANG_WARN_ENUM_CONVERSION = YES;
				CLANG_WARN_INFINITE_RECURSION = YES;
				CLANG_WARN_INT_CONVERSION = YES;
				CLANG_WARN_NON_LITERAL_NULL_CONVERSION = YES;
				CLANG_WARN_OBJC_IMPLICIT_RETAIN_SELF = YES;
				CLANG_WARN_OBJC_LITERAL_CONVERSION = YES;
				CLANG_WARN_OBJC_ROOT_CLASS = YES_ERROR;
				CLANG_WARN_QUOTED_INCLUDE_IN_FRAMEWORK_HEADER = YES;
				CLANG_WARN_RANGE_LOOP_ANALYSIS = YES;
				CLANG_WARN_STRICT_PROTOTYPES = YES;
				CLANG_WARN_SUSPICIOUS_MOVE = YES;
				CLANG_WARN_UNGUARDED_AVAILABILITY = YES_AGGRESSIVE;
				CLANG_WARN_UNREACHABLE_CODE = YES;
				CLANG_WARN__DUPLICATE_METHOD_MATCH = YES;
				COPY_PHASE_STRIP = NO;
				DEBUG_INFORMATION_FORMAT = "dwarf-with-dsym";
				ENABLE_NS_ASSERTIONS = NO;
				ENABLE_STRICT_OBJC_MSGSEND = YES;
				ENABLE_USER_SCRIPT_SANDBOXING = YES;
				GCC_C_LANGUAGE_STANDARD = gnu17;
				GCC_NO_COMMON_BLOCKS = YES;
				GCC_WARN_64_TO_32_BIT_CONVERSION = YES;
				GCC_WARN_ABOUT_RETURN_TYPE = YES_ERROR;
				GCC_WARN_UNDECLARED_SELECTOR = YES;
				GCC_WARN_UNINITIALIZED_AUTOS = YES_AGGRESSIVE;
				GCC_WARN_UNUSED_FUNCTION = YES;
				GCC_WARN_UNUSED_VARIABLE = YES;
				IPHONEOS_DEPLOYMENT_TARGET = 17.0;
				LOCALIZATION_PREFERS_STRING_CATALOGS = YES;
				MTL_ENABLE_DEBUG_INFO = NO;
				MTL_FAST_MATH = YES;
				SDKROOT = iphoneos;
				SWIFT_COMPILATION_MODE = wholemodule;
				VALIDATE_PRODUCT = YES;
			};
			name = Release;
		};
		5BAF1D702B043E54004A3DCF /* Debug */ = {
			isa = XCBuildConfiguration;
			buildSettings = {
				ASSETCATALOG_COMPILER_APPICON_NAME = AppIcon;
				ASSETCATALOG_COMPILER_GLOBAL_ACCENT_COLOR_NAME = AccentColor;
				CODE_SIGN_STYLE = Automatic;
				CURRENT_PROJECT_VERSION = 1;
				DEVELOPMENT_ASSET_PATHS = "\"RickAndMortyGraphQL/Preview Content\"";
				DEVELOPMENT_TEAM = "";
				ENABLE_PREVIEWS = YES;
				GENERATE_INFOPLIST_FILE = YES;
				INFOPLIST_FILE = RickAndMortyGraphQL/Info.plist;
				INFOPLIST_KEY_UIApplicationSceneManifest_Generation = YES;
				INFOPLIST_KEY_UIApplicationSupportsIndirectInputEvents = YES;
				INFOPLIST_KEY_UILaunchScreen_Generation = YES;
				INFOPLIST_KEY_UISupportedInterfaceOrientations_iPad = "UIInterfaceOrientationPortrait UIInterfaceOrientationPortraitUpsideDown UIInterfaceOrientationLandscapeLeft UIInterfaceOrientationLandscapeRight";
				INFOPLIST_KEY_UISupportedInterfaceOrientations_iPhone = "UIInterfaceOrientationPortrait UIInterfaceOrientationLandscapeLeft UIInterfaceOrientationLandscapeRight";
				LD_RUNPATH_SEARCH_PATHS = (
					"$(inherited)",
					"@executable_path/Frameworks",
				);
				MARKETING_VERSION = 1.0;
				PRODUCT_BUNDLE_IDENTIFIER = c.RickAndMortyGraphQL;
				PRODUCT_NAME = "$(TARGET_NAME)";
				SWIFT_EMIT_LOC_STRINGS = YES;
				SWIFT_VERSION = 5.0;
				TARGETED_DEVICE_FAMILY = "1,2";
			};
			name = Debug;
		};
		5BAF1D712B043E54004A3DCF /* Release */ = {
			isa = XCBuildConfiguration;
			buildSettings = {
				ASSETCATALOG_COMPILER_APPICON_NAME = AppIcon;
				ASSETCATALOG_COMPILER_GLOBAL_ACCENT_COLOR_NAME = AccentColor;
				CODE_SIGN_STYLE = Automatic;
				CURRENT_PROJECT_VERSION = 1;
				DEVELOPMENT_ASSET_PATHS = "\"RickAndMortyGraphQL/Preview Content\"";
				DEVELOPMENT_TEAM = "";
				ENABLE_PREVIEWS = YES;
				GENERATE_INFOPLIST_FILE = YES;
				INFOPLIST_FILE = RickAndMortyGraphQL/Info.plist;
				INFOPLIST_KEY_UIApplicationSceneManifest_Generation = YES;
				INFOPLIST_KEY_UIApplicationSupportsIndirectInputEvents = YES;
				INFOPLIST_KEY_UILaunchScreen_Generation = YES;
				INFOPLIST_KEY_UISupportedInterfaceOrientations_iPad = "UIInterfaceOrientationPortrait UIInterfaceOrientationPortraitUpsideDown UIInterfaceOrientationLandscapeLeft UIInterfaceOrientationLandscapeRight";
				INFOPLIST_KEY_UISupportedInterfaceOrientations_iPhone = "UIInterfaceOrientationPortrait UIInterfaceOrientationLandscapeLeft UIInterfaceOrientationLandscapeRight";
				LD_RUNPATH_SEARCH_PATHS = (
					"$(inherited)",
					"@executable_path/Frameworks",
				);
				MARKETING_VERSION = 1.0;
				PRODUCT_BUNDLE_IDENTIFIER = c.RickAndMortyGraphQL;
				PRODUCT_NAME = "$(TARGET_NAME)";
				SWIFT_EMIT_LOC_STRINGS = YES;
				SWIFT_VERSION = 5.0;
				TARGETED_DEVICE_FAMILY = "1,2";
			};
			name = Release;
		};
/* End XCBuildConfiguration section */

/* Begin XCConfigurationList section */
		5BAF1D5C2B043E52004A3DCF /* Build configuration list for PBXProject "RickAndMortyGraphQL" */ = {
			isa = XCConfigurationList;
			buildConfigurations = (
				5BAF1D6D2B043E54004A3DCF /* Debug */,
				5BAF1D6E2B043E54004A3DCF /* Release */,
			);
			defaultConfigurationIsVisible = 0;
			defaultConfigurationName = Release;
		};
		5BAF1D6F2B043E54004A3DCF /* Build configuration list for PBXNativeTarget "RickAndMortyGraphQL" */ = {
			isa = XCConfigurationList;
			buildConfigurations = (
				5BAF1D702B043E54004A3DCF /* Debug */,
				5BAF1D712B043E54004A3DCF /* Release */,
			);
			defaultConfigurationIsVisible = 0;
			defaultConfigurationName = Release;
		};
/* End XCConfigurationList section */

/* Begin XCLocalSwiftPackageReference section */
		5BAF1D7D2B0442FA004A3DCF /* XCLocalSwiftPackageReference "RickAndMortyAPI" */ = {
			isa = XCLocalSwiftPackageReference;
			relativePath = RickAndMortyAPI;
		};
/* End XCLocalSwiftPackageReference section */

/* Begin XCRemoteSwiftPackageReference section */
		5BD09BC42B05881300D7143E /* XCRemoteSwiftPackageReference "apollo-ios" */ = {
			isa = XCRemoteSwiftPackageReference;
			repositoryURL = "https://github.com/apollographql/apollo-ios.git";
			requirement = {
				kind = upToNextMajorVersion;
				minimumVersion = 1.7.1;
			};
		};
/* End XCRemoteSwiftPackageReference section */

/* Begin XCSwiftPackageProductDependency section */
		5BAF1D7E2B0442FA004A3DCF /* RickAndMortyAPI */ = {
			isa = XCSwiftPackageProductDependency;
			productName = RickAndMortyAPI;
		};
		5BD09BC52B05881300D7143E /* Apollo */ = {
			isa = XCSwiftPackageProductDependency;
			package = 5BD09BC42B05881300D7143E /* XCRemoteSwiftPackageReference "apollo-ios" */;
			productName = Apollo;
		};
		5BD09BC72B05881300D7143E /* ApolloAPI */ = {
			isa = XCSwiftPackageProductDependency;
			package = 5BD09BC42B05881300D7143E /* XCRemoteSwiftPackageReference "apollo-ios" */;
			productName = ApolloAPI;
		};
		5BD09BC92B05881300D7143E /* ApolloSQLite */ = {
			isa = XCSwiftPackageProductDependency;
			package = 5BD09BC42B05881300D7143E /* XCRemoteSwiftPackageReference "apollo-ios" */;
			productName = ApolloSQLite;
		};
		5BD09BCB2B05881300D7143E /* ApolloTestSupport */ = {
			isa = XCSwiftPackageProductDependency;
			package = 5BD09BC42B05881300D7143E /* XCRemoteSwiftPackageReference "apollo-ios" */;
			productName = ApolloTestSupport;
		};
/* End XCSwiftPackageProductDependency section */
	};
	rootObject = 5BAF1D592B043E52004A3DCF /* Project object */;
}
